[[package]]
category = "main"
description = "simple CLI framework"
name = "wisepy2"
optional = false
python-versions = "*"
version = "1.1.1"

[metadata]
content-hash = "47a1346925da4b2da5add67bc6b3c4d99f5574fe1e5e83e9eeb7c0c245b2626d"
python-versions = "^3.6"

[metadata.files]
wisepy2 = [
    {file = "wisepy2-1.1.1-py3-none-any.whl", hash = "sha256:aca1cd35d4647ea4fc5b683614a1c8ee42dbce8ece7807dbe5087d6961dbe7a6"},
]
